
Microsoft Visual Studio Solution File, Format Version 12.00
# Visual Studio Version 17
VisualStudioVersion = 17.3.32825.248
MinimumVisualStudioVersion = 10.0.40219.1
Project("{9A19103F-16F7-4668-BE54-9A1E7A4F7556}") = "Persona", "Persona\Persona.csproj", "{DE251A91-20D4-48AE-B24D-B1E1896E3D8D}"
EndProject
Project("{9A19103F-16F7-4668-BE54-9A1E7A4F7556}") = "Front", "Front\Front.csproj", "{22152E33-F99F-4BC0-8B16-9D4498C0EABE}"
EndProject
Project("{9A19103F-16F7-4668-BE54-9A1E7A4F7556}") = "Test", "Test\Test.csproj", "{DBB11C8C-DFC3-4244-AA09-9E81195919DF}"
EndProject
Project("{9A19103F-16F7-4668-BE54-9A1E7A4F7556}") = "Materias", "Materias\Materias.csproj", "{07D1544E-1D7B-42B0-B188-1684ECEE4953}"
EndProject
Project("{FAE04EC0-301F-11D3-BF4B-00C04F79EFBC}") = "Condicion-Notas", "Condicion-Notas\Condicion-Notas.csproj", "{60C5D4FB-7543-4AFF-BDB8-89E05C0F48C3}"
EndProject
Global
	GlobalSection(SolutionConfigurationPlatforms) = preSolution
		Debug|Any CPU = Debug|Any CPU
		Release|Any CPU = Release|Any CPU
	EndGlobalSection
	GlobalSection(ProjectConfigurationPlatforms) = postSolution
		{DE251A91-20D4-48AE-B24D-B1E1896E3D8D}.Debug|Any CPU.ActiveCfg = Debug|Any CPU
		{DE251A91-20D4-48AE-B24D-B1E1896E3D8D}.Debug|Any CPU.Build.0 = Debug|Any CPU
		{DE251A91-20D4-48AE-B24D-B1E1896E3D8D}.Release|Any CPU.ActiveCfg = Release|Any CPU
		{DE251A91-20D4-48AE-B24D-B1E1896E3D8D}.Release|Any CPU.Build.0 = Release|Any CPU
		{22152E33-F99F-4BC0-8B16-9D4498C0EABE}.Debug|Any CPU.ActiveCfg = Debug|Any CPU
		{22152E33-F99F-4BC0-8B16-9D4498C0EABE}.Debug|Any CPU.Build.0 = Debug|Any CPU
		{22152E33-F99F-4BC0-8B16-9D4498C0EABE}.Release|Any CPU.ActiveCfg = Release|Any CPU
		{22152E33-F99F-4BC0-8B16-9D4498C0EABE}.Release|Any CPU.Build.0 = Release|Any CPU
		{DBB11C8C-DFC3-4244-AA09-9E81195919DF}.Debug|Any CPU.ActiveCfg = Debug|Any CPU
		{DBB11C8C-DFC3-4244-AA09-9E81195919DF}.Debug|Any CPU.Build.0 = Debug|Any CPU
		{DBB11C8C-DFC3-4244-AA09-9E81195919DF}.Release|Any CPU.ActiveCfg = Release|Any CPU
		{DBB11C8C-DFC3-4244-AA09-9E81195919DF}.Release|Any CPU.Build.0 = Release|Any CPU
		{07D1544E-1D7B-42B0-B188-1684ECEE4953}.Debug|Any CPU.ActiveCfg = Debug|Any CPU
		{07D1544E-1D7B-42B0-B188-1684ECEE4953}.Debug|Any CPU.Build.0 = Debug|Any CPU
		{07D1544E-1D7B-42B0-B188-1684ECEE4953}.Release|Any CPU.ActiveCfg = Release|Any CPU
		{07D1544E-1D7B-42B0-B188-1684ECEE4953}.Release|Any CPU.Build.0 = Release|Any CPU
		{60C5D4FB-7543-4AFF-BDB8-89E05C0F48C3}.Debug|Any CPU.ActiveCfg = Debug|Any CPU
		{60C5D4FB-7543-4AFF-BDB8-89E05C0F48C3}.Debug|Any CPU.Build.0 = Debug|Any CPU
		{60C5D4FB-7543-4AFF-BDB8-89E05C0F48C3}.Release|Any CPU.ActiveCfg = Release|Any CPU
		{60C5D4FB-7543-4AFF-BDB8-89E05C0F48C3}.Release|Any CPU.Build.0 = Release|Any CPU
	EndGlobalSection
	GlobalSection(SolutionProperties) = preSolution
		HideSolutionNode = FALSE
	EndGlobalSection
	GlobalSection(ExtensibilityGlobals) = postSolution
		SolutionGuid = {6387F02B-1BAD-47A4-8A67-A96A5EA0AF1F}
	EndGlobalSection
EndGlobal
